# Generated by pub
# See https://dart.dev/tools/pub/glossary#lockfile
packages:
  _flutterfire_internals:
    dependency: transitive
    description:
      name: _flutterfire_internals
      sha256: "953f097772b5fd095e0ee6eeeab34e3a42de91d5f43fa86b5de8485a57494f96"
      url: "https://pub.dev"
    source: hosted
    version: "1.0.15"
  async:
    dependency: transitive
    description:
      name: async
      url: "https://pub.dartlang.org"
    source: hosted
    version: "2.9.0"
  boolean_selector:
    dependency: transitive
    description:
      name: boolean_selector
      url: "https://pub.dartlang.org"
    source: hosted
    version: "2.1.0"
  characters:
    dependency: transitive
    description:
      name: characters
      url: "https://pub.dartlang.org"
    source: hosted
    version: "1.2.1"
  clock:
    dependency: transitive
    description:
      name: clock
      url: "https://pub.dartlang.org"
    source: hosted
    version: "1.1.1"
  cloud_firestore:
    dependency: "direct main"
    description:
      name: cloud_firestore
      sha256: "9e775f9df26a165444bd5240f70bfee6f11b35c5e913e93ed4b06bf50b231325"
      url: "https://pub.dev"
    source: hosted
    version: "4.4.2"
  cloud_firestore_platform_interface:
    dependency: transitive
    description:
      name: cloud_firestore_platform_interface
      sha256: ab35c068896ff769ce7e8de8198228d512e7f056fc8f26b2ff53ea3f97c8545f
      url: "https://pub.dev"
    source: hosted
    version: "5.11.2"
  cloud_firestore_web:
    dependency: transitive
    description:
      name: cloud_firestore_web
      sha256: b7b52c2ad50d1105f2e0585a34288da415cf9d1037470985c7c57cce7b06d95f
      url: "https://pub.dev"
    source: hosted
    version: "3.3.2"
  collection:
    dependency: transitive
    description:
      name: collection
      url: "https://pub.dartlang.org"
    source: hosted
    version: "1.16.0"
  crypto:
    dependency: transitive
    description:
      name: crypto
      url: "https://pub.dartlang.org"
    source: hosted
    version: "3.0.2"
  cupertino_icons:
    dependency: "direct main"
    description:
      name: cupertino_icons
      url: "https://pub.dartlang.org"
    source: hosted
    version: "1.0.5"
  fake_async:
    dependency: transitive
    description:
      name: fake_async
      url: "https://pub.dartlang.org"
    source: hosted
    version: "1.3.1"
  ffi:
    dependency: transitive
    description:
      name: ffi
      url: "https://pub.dartlang.org"
    source: hosted
    version: "2.0.1"
  firebase_auth:
    dependency: "direct main"
    description:
      name: firebase_auth
      sha256: "843e307e9b7faa026dd9970e584b5d53265fb5a0c4323883fecdce89ec05d56a"
      url: "https://pub.dev"
    source: hosted
    version: "4.2.8"
  firebase_auth_platform_interface:
    dependency: transitive
    description:
      name: firebase_auth_platform_interface
      sha256: "8702baa08ad5aa6daa023082d612ca168bf3f7de81e3d56e1df18321f76d675f"
      url: "https://pub.dev"
    source: hosted
    version: "6.11.10"
  firebase_auth_web:
    dependency: transitive
    description:
      name: firebase_auth_web
      sha256: "0c01b9c772ee730df03ac92102e538873558f908d6e42602f6ff9c61dead8d58"
      url: "https://pub.dev"
    source: hosted
    version: "5.2.7"
  firebase_core:
    dependency: "direct main"
    description:
      name: firebase_core
      sha256: be13e431c0c950f0fc66bdb67b41b8059121d7e7d8bbbc21fb59164892d561f8
      url: "https://pub.dev"
    source: hosted
    version: "2.6.1"
  firebase_core_platform_interface:
    dependency: transitive
    description:
      name: firebase_core_platform_interface
      url: "https://pub.dartlang.org"
    source: hosted
    version: "4.5.3"
  firebase_core_web:
    dependency: transitive
    description:
      name: firebase_core_web
      sha256: "4b3a41410f3313bb95fd560aa5eb761b6ad65c185de772c72231e8b4aeed6d18"
      url: "https://pub.dev"
    source: hosted
    version: "2.2.1"
  firebase_database:
    dependency: "direct main"
    description:
      name: firebase_database
      sha256: "5fa2c5128d0057b9af2fdc9124282ce8073f73adb8b0456d78120d1e578f5cda"
      url: "https://pub.dev"
    source: hosted
    version: "10.0.13"
  firebase_database_platform_interface:
    dependency: transitive
    description:
      name: firebase_database_platform_interface
      sha256: d7e03c4422a82b18624f13dc3c022d2dd98f8e28e71dd265d1ac341269d8a92a
      url: "https://pub.dev"
    source: hosted
    version: "0.2.2+20"
  firebase_database_web:
    dependency: transitive
    description:
      name: firebase_database_web
      sha256: "383bf00aa419d283818b343845daef1b3e897fab48575ff8d93d89556ceda1cf"
      url: "https://pub.dev"
    source: hosted
    version: "0.2.1+22"
  fk_toggle:
    dependency: "direct main"
    description:
      name: fk_toggle
      url: "https://pub.dartlang.org"
    source: hosted
    version: "0.1.4"
  flutter:
    dependency: "direct main"
    description: flutter
    source: sdk
    version: "0.0.0"
  flutter_lints:
    dependency: "direct dev"
    description:
      name: flutter_lints
      url: "https://pub.dartlang.org"
    source: hosted
    version: "2.0.1"
  flutter_svg:
    dependency: "direct main"
    description:
      name: flutter_svg
      url: "https://pub.dartlang.org"
    source: hosted
    version: "0.22.0"
  flutter_test:
    dependency: "direct dev"
    description: flutter
    source: sdk
    version: "0.0.0"
  flutter_web_plugins:
    dependency: transitive
    description: flutter
    source: sdk
    version: "0.0.0"
  get:
    dependency: "direct main"
    description:
      name: get
      url: "https://pub.dartlang.org"
    source: hosted
    version: "4.6.5"
  glass:
    dependency: "direct main"
    description:
      name: glass
      url: "https://pub.dartlang.org"
    source: hosted
    version: "1.0.1+1"
  google_sign_in:
    dependency: "direct main"
    description:
      name: google_sign_in
      url: "https://pub.dartlang.org"
    source: hosted
    version: "5.4.4"
  google_sign_in_android:
    dependency: transitive
    description:
      name: google_sign_in_android
      url: "https://pub.dartlang.org"
    source: hosted
    version: "6.1.6"
  google_sign_in_ios:
    dependency: transitive
    description:
      name: google_sign_in_ios
      url: "https://pub.dartlang.org"
    source: hosted
    version: "5.5.1"
  google_sign_in_platform_interface:
    dependency: transitive
    description:
      name: google_sign_in_platform_interface
      url: "https://pub.dartlang.org"
    source: hosted
    version: "2.3.0"
  google_sign_in_web:
    dependency: transitive
    description:
      name: google_sign_in_web
      url: "https://pub.dartlang.org"
    source: hosted
    version: "0.10.2+1"
  graphs:
    dependency: transitive
    description:
      name: graphs
      url: "https://pub.dartlang.org"
    source: hosted
    version: "2.2.0"
  http:
    dependency: transitive
    description:
      name: http
      url: "https://pub.dartlang.org"
    source: hosted
    version: "0.13.5"
  http_parser:
    dependency: transitive
    description:
      name: http_parser
      url: "https://pub.dartlang.org"
    source: hosted
    version: "4.0.2"
  intl:
    dependency: "direct main"
    description:
      name: intl
      url: "https://pub.dartlang.org"
    source: hosted
    version: "0.17.0"
  js:
    dependency: transitive
    description:
      name: js
      url: "https://pub.dartlang.org"
    source: hosted
    version: "0.6.4"
  lints:
    dependency: transitive
    description:
      name: lints
      url: "https://pub.dartlang.org"
    source: hosted
    version: "2.0.1"
  matcher:
    dependency: transitive
    description:
      name: matcher
      url: "https://pub.dartlang.org"
    source: hosted
    version: "0.12.12"
  material_color_utilities:
    dependency: transitive
    description:
      name: material_color_utilities
      url: "https://pub.dartlang.org"
    source: hosted
    version: "0.1.5"
  meta:
    dependency: transitive
    description:
      name: meta
      url: "https://pub.dartlang.org"
    source: hosted
    version: "1.8.0"
  nested:
    dependency: transitive
    description:
      name: nested
      url: "https://pub.dartlang.org"
    source: hosted
    version: "1.0.0"
  path:
    dependency: transitive
    description:
      name: path
      url: "https://pub.dartlang.org"
    source: hosted
    version: "1.8.2"
  path_drawing:
    dependency: transitive
    description:
      name: path_drawing
      url: "https://pub.dartlang.org"
    source: hosted
    version: "0.5.1+1"
  path_parsing:
    dependency: transitive
    description:
      name: path_parsing
      url: "https://pub.dartlang.org"
    source: hosted
    version: "0.2.1"
  petitparser:
    dependency: transitive
    description:
      name: petitparser
      url: "https://pub.dartlang.org"
    source: hosted
    version: "5.1.0"
  plugin_platform_interface:
    dependency: transitive
    description:
      name: plugin_platform_interface
      url: "https://pub.dartlang.org"
    source: hosted
    version: "2.1.3"
  provider:
    dependency: "direct main"
    description:
      name: provider
      url: "https://pub.dartlang.org"
    source: hosted
    version: "6.0.5"
  quiver:
    dependency: transitive
    description:
      name: quiver
      url: "https://pub.dartlang.org"
    source: hosted
    version: "3.2.1"
  rive:
    dependency: "direct main"
    description:
      name: rive
      sha256: c4293ea52f9bf45edeebad3b1eb0bddc284bd11f14ede54780bf5efa1c491b4a
      url: "https://pub.dev"
    source: hosted
    version: "0.10.2"
  rive_common:
    dependency: transitive
    description:
      name: rive_common
      url: "https://pub.dartlang.org"
    source: hosted
    version: "0.0.2"
  sky_engine:
    dependency: transitive
    description: flutter
    source: sdk
    version: "0.0.99"
  sliding_up_panel:
    dependency: "direct main"
    description:
      name: sliding_up_panel
      url: "https://pub.dartlang.org"
    source: hosted
    version: "2.0.0+1"
  source_span:
    dependency: transitive
    description:
      name: source_span
      url: "https://pub.dartlang.org"
    source: hosted
    version: "1.9.0"
  stack_trace:
    dependency: transitive
    description:
      name: stack_trace
      url: "https://pub.dartlang.org"
    source: hosted
    version: "1.10.0"
  stream_channel:
    dependency: transitive
    description:
      name: stream_channel
      url: "https://pub.dartlang.org"
    source: hosted
    version: "2.1.0"
  string_scanner:
    dependency: transitive
    description:
      name: string_scanner
      url: "https://pub.dartlang.org"
    source: hosted
    version: "1.1.1"
  term_glyph:
    dependency: transitive
    description:
      name: term_glyph
      url: "https://pub.dartlang.org"
    source: hosted
    version: "1.2.1"
  test_api:
    dependency: transitive
    description:
      name: test_api
      url: "https://pub.dartlang.org"
    source: hosted
    version: "0.4.12"
  typed_data:
    dependency: transitive
    description:
      name: typed_data
      url: "https://pub.dartlang.org"
    source: hosted
    version: "1.3.1"
  uuid:
    dependency: "direct main"
    description:
      name: uuid
      url: "https://pub.dartlang.org"
    source: hosted
    version: "3.0.7"
  validators:
    dependency: "direct main"
    description:
      name: validators
      url: "https://pub.dartlang.org"
    source: hosted
    version: "3.0.0"
  vector_math:
    dependency: transitive
    description:
      name: vector_math
      url: "https://pub.dartlang.org"
    source: hosted
    version: "2.1.2"
  word_break_text:
    dependency: "direct main"
    description:
      name: word_break_text
      url: "https://pub.dartlang.org"
    source: hosted
    version: "0.1.0"
  wrapped_korean_text:
    dependency: "direct main"
    description:
      name: wrapped_korean_text
      url: "https://pub.dartlang.org"
    source: hosted
    version: "0.0.3"
  xml:
    dependency: transitive
    description:
      name: xml
      url: "https://pub.dartlang.org"
    source: hosted
    version: "5.4.1"
sdks:
  dart: ">=2.18.6 <3.0.0"
  flutter: ">=3.0.0"
